github.com/bothinli/bothink-core v0.0.0-20230425081326-c92f0c96dc90 h1:ubcaRisoLCpvBEIDvHapgnWBer7VSssKsegLPYS9/nA=
github.com/bothinli/bothink-core v0.0.0-20230425081326-c92f0c96dc90/go.mod h1:BWW4h7tHVpCKFpXst8CsplUH7HrMPc5S9RGJqc1kfk4=
github.com/bothinli/bothink-core v0.0.0-20230425084831-b0dec6052376 h1:Ek97s08pWxy8rOUMEsVeZxMaea+vnc/UP+GDt+D2Dzo=
github.com/bothinli/bothink-core v0.0.0-20230425084831-b0dec6052376/go.mod h1:BWW4h7tHVpCKFpXst8CsplUH7HrMPc5S9RGJqc1kfk4=
